
Microsoft Visual Studio Solution File, Format Version 12.00
# Visual Studio Version 16
VisualStudioVersion = 16.0.30204.135
MinimumVisualStudioVersion = 10.0.40219.1
Project("{FAE04EC0-301F-11D3-BF4B-00C04F79EFBC}") = "Methods Console", "Methods Console\Methods Console.csproj", "{3089B632-0199-48A7-8A5D-4250DAFF23AA}"
EndProject
Project("{54435603-DBB4-11D2-8724-00A0C9A8B90C}") = "MethodsConsoleSetup", "MethodsConsoleSetup\MethodsConsoleSetup.vdproj", "{C35F60B3-C449-4F4C-837F-1936415C78D0}"
EndProject
Global
	GlobalSection(SolutionConfigurationPlatforms) = preSolution
		CD_ROM|Any CPU = CD_ROM|Any CPU
		Debug|Any CPU = Debug|Any CPU
		DVD-5|Any CPU = DVD-5|Any CPU
		Release|Any CPU = Release|Any CPU
		SingleImage|Any CPU = SingleImage|Any CPU
	EndGlobalSection
	GlobalSection(ProjectConfigurationPlatforms) = postSolution
		{3089B632-0199-48A7-8A5D-4250DAFF23AA}.CD_ROM|Any CPU.ActiveCfg = Release|Any CPU
		{3089B632-0199-48A7-8A5D-4250DAFF23AA}.CD_ROM|Any CPU.Build.0 = Release|Any CPU
		{3089B632-0199-48A7-8A5D-4250DAFF23AA}.Debug|Any CPU.ActiveCfg = Debug|Any CPU
		{3089B632-0199-48A7-8A5D-4250DAFF23AA}.Debug|Any CPU.Build.0 = Debug|Any CPU
		{3089B632-0199-48A7-8A5D-4250DAFF23AA}.DVD-5|Any CPU.ActiveCfg = Debug|Any CPU
		{3089B632-0199-48A7-8A5D-4250DAFF23AA}.DVD-5|Any CPU.Build.0 = Debug|Any CPU
		{3089B632-0199-48A7-8A5D-4250DAFF23AA}.Release|Any CPU.ActiveCfg = Release|Any CPU
		{3089B632-0199-48A7-8A5D-4250DAFF23AA}.Release|Any CPU.Build.0 = Release|Any CPU
		{3089B632-0199-48A7-8A5D-4250DAFF23AA}.SingleImage|Any CPU.ActiveCfg = Release|Any CPU
		{3089B632-0199-48A7-8A5D-4250DAFF23AA}.SingleImage|Any CPU.Build.0 = Release|Any CPU
		{C35F60B3-C449-4F4C-837F-1936415C78D0}.CD_ROM|Any CPU.ActiveCfg = Release
		{C35F60B3-C449-4F4C-837F-1936415C78D0}.Debug|Any CPU.ActiveCfg = Debug
		{C35F60B3-C449-4F4C-837F-1936415C78D0}.DVD-5|Any CPU.ActiveCfg = Debug
		{C35F60B3-C449-4F4C-837F-1936415C78D0}.Release|Any CPU.ActiveCfg = Release
		{C35F60B3-C449-4F4C-837F-1936415C78D0}.Release|Any CPU.Build.0 = Release
		{C35F60B3-C449-4F4C-837F-1936415C78D0}.SingleImage|Any CPU.ActiveCfg = Release
	EndGlobalSection
	GlobalSection(SolutionProperties) = preSolution
		HideSolutionNode = FALSE
	EndGlobalSection
	GlobalSection(ExtensibilityGlobals) = postSolution
		SolutionGuid = {15F8D669-E773-463A-BE4E-BF76A6248616}
	EndGlobalSection
EndGlobal
